
Microsoft Visual Studio Solution File, Format Version 12.00
# Visual Studio Version 17
VisualStudioVersion = 17.11.35327.3
MinimumVisualStudioVersion = 10.0.40219.1
Project("{FAE04EC0-301F-11D3-BF4B-00C04F79EFBC}") = "DotNetBatch14KZT3.ConsoleApp", "DotNetBatch14KZT3.ConsoleApp\DotNetBatch14KZT3.ConsoleApp.csproj", "{30EE78FB-9CE5-4584-9B31-61C3AC3E9CCB}"
EndProject
Project("{FAE04EC0-301F-11D3-BF4B-00C04F79EFBC}") = "DotNetBatch14KZT3.ConsoleApp2", "DotNetBatch14KZT3.ConsoleApp2\DotNetBatch14KZT3.ConsoleApp2.csproj", "{CABD3EC2-E17C-4DE5-9311-DB8A563D85B9}"
EndProject
Project("{FAE04EC0-301F-11D3-BF4B-00C04F79EFBC}") = "DotNetBatch14KZT3.ConsoleApp3", "DotNetBatch14KZT3.ConsoleApp3\DotNetBatch14KZT3.ConsoleApp3.csproj", "{2E37AA74-B50A-4FAA-A5E9-921B6CAE5B93}"
EndProject
Project("{FAE04EC0-301F-11D3-BF4B-00C04F79EFBC}") = "DotNetBatch14KZT.RestApi", "DotNetBatch14KZT.RestApi\DotNetBatch14KZT.RestApi.csproj", "{B3B370B5-6D28-419E-A3F1-9760E0F322FC}"
EndProject
Project("{FAE04EC0-301F-11D3-BF4B-00C04F79EFBC}") = "DotNetBatch14KZT3.RestApi2", "DotNetBatch14KZT3.RestApi2\DotNetBatch14KZT3.RestApi2.csproj", "{B696201C-C9FA-4BCA-A53F-9845C00F9E4F}"
EndProject
Project("{FAE04EC0-301F-11D3-BF4B-00C04F79EFBC}") = "KpayTransferSystemKZT.RestApi", "KpayTransferSystemKZT.RestApi\KpayTransferSystemKZT.RestApi.csproj", "{BEECAF89-361D-4FA0-8C0A-9C0224971D5C}"
EndProject
Project("{FAE04EC0-301F-11D3-BF4B-00C04F79EFBC}") = "MiniPosSystemKZT.RestApi", "MiniPosSystemKZT.RestApi\MiniPosSystemKZT.RestApi.csproj", "{B7F2B96D-FD45-409B-95B0-94417EC0831F}"
EndProject
Project("{FAE04EC0-301F-11D3-BF4B-00C04F79EFBC}") = "DotNetBatch14KZT3.Shared", "DotNetBatch14KZT3.Shared\DotNetBatch14KZT3.Shared.csproj", "{D273EEB1-1580-4025-B132-E11A6637ACE5}"
EndProject
Project("{FAE04EC0-301F-11D3-BF4B-00C04F79EFBC}") = "DotNetBatch14KZT.RestApi3", "DotNetBatch14KZT.RestApi3\DotNetBatch14KZT.RestApi3.csproj", "{C6979C33-8928-4303-93F3-F76BD4BEAE29}"
EndProject
Project("{FAE04EC0-301F-11D3-BF4B-00C04F79EFBC}") = "DotNetBatch14KZT3.ConsoleApp4", "DotNetBatch14KZT3.ConsoleApp4\DotNetBatch14KZT3.ConsoleApp4.csproj", "{3E01A28B-1028-467E-8F10-18A8B7F717A6}"
EndProject
Project("{FAE04EC0-301F-11D3-BF4B-00C04F79EFBC}") = "DotNetBatch14KZT3.ConsoleApp5", "DotNetBatch14KZT3.ConsoleApp5\DotNetBatch14KZT3.ConsoleApp5.csproj", "{3BD17576-CC36-4216-B764-EA08EF9A201F}"
EndProject
Global
	GlobalSection(SolutionConfigurationPlatforms) = preSolution
		Debug|Any CPU = Debug|Any CPU
		Release|Any CPU = Release|Any CPU
	EndGlobalSection
	GlobalSection(ProjectConfigurationPlatforms) = postSolution
		{30EE78FB-9CE5-4584-9B31-61C3AC3E9CCB}.Debug|Any CPU.ActiveCfg = Debug|Any CPU
		{30EE78FB-9CE5-4584-9B31-61C3AC3E9CCB}.Debug|Any CPU.Build.0 = Debug|Any CPU
		{30EE78FB-9CE5-4584-9B31-61C3AC3E9CCB}.Release|Any CPU.ActiveCfg = Release|Any CPU
		{30EE78FB-9CE5-4584-9B31-61C3AC3E9CCB}.Release|Any CPU.Build.0 = Release|Any CPU
		{CABD3EC2-E17C-4DE5-9311-DB8A563D85B9}.Debug|Any CPU.ActiveCfg = Debug|Any CPU
		{CABD3EC2-E17C-4DE5-9311-DB8A563D85B9}.Debug|Any CPU.Build.0 = Debug|Any CPU
		{CABD3EC2-E17C-4DE5-9311-DB8A563D85B9}.Release|Any CPU.ActiveCfg = Release|Any CPU
		{CABD3EC2-E17C-4DE5-9311-DB8A563D85B9}.Release|Any CPU.Build.0 = Release|Any CPU
		{2E37AA74-B50A-4FAA-A5E9-921B6CAE5B93}.Debug|Any CPU.ActiveCfg = Debug|Any CPU
		{2E37AA74-B50A-4FAA-A5E9-921B6CAE5B93}.Debug|Any CPU.Build.0 = Debug|Any CPU
		{2E37AA74-B50A-4FAA-A5E9-921B6CAE5B93}.Release|Any CPU.ActiveCfg = Release|Any CPU
		{2E37AA74-B50A-4FAA-A5E9-921B6CAE5B93}.Release|Any CPU.Build.0 = Release|Any CPU
		{B3B370B5-6D28-419E-A3F1-9760E0F322FC}.Debug|Any CPU.ActiveCfg = Debug|Any CPU
		{B3B370B5-6D28-419E-A3F1-9760E0F322FC}.Debug|Any CPU.Build.0 = Debug|Any CPU
		{B3B370B5-6D28-419E-A3F1-9760E0F322FC}.Release|Any CPU.ActiveCfg = Release|Any CPU
		{B3B370B5-6D28-419E-A3F1-9760E0F322FC}.Release|Any CPU.Build.0 = Release|Any CPU
		{B696201C-C9FA-4BCA-A53F-9845C00F9E4F}.Debug|Any CPU.ActiveCfg = Debug|Any CPU
		{B696201C-C9FA-4BCA-A53F-9845C00F9E4F}.Debug|Any CPU.Build.0 = Debug|Any CPU
		{B696201C-C9FA-4BCA-A53F-9845C00F9E4F}.Release|Any CPU.ActiveCfg = Release|Any CPU
		{B696201C-C9FA-4BCA-A53F-9845C00F9E4F}.Release|Any CPU.Build.0 = Release|Any CPU
		{BEECAF89-361D-4FA0-8C0A-9C0224971D5C}.Debug|Any CPU.ActiveCfg = Debug|Any CPU
		{BEECAF89-361D-4FA0-8C0A-9C0224971D5C}.Debug|Any CPU.Build.0 = Debug|Any CPU
		{BEECAF89-361D-4FA0-8C0A-9C0224971D5C}.Release|Any CPU.ActiveCfg = Release|Any CPU
		{BEECAF89-361D-4FA0-8C0A-9C0224971D5C}.Release|Any CPU.Build.0 = Release|Any CPU
		{B7F2B96D-FD45-409B-95B0-94417EC0831F}.Debug|Any CPU.ActiveCfg = Debug|Any CPU
		{B7F2B96D-FD45-409B-95B0-94417EC0831F}.Debug|Any CPU.Build.0 = Debug|Any CPU
		{B7F2B96D-FD45-409B-95B0-94417EC0831F}.Release|Any CPU.ActiveCfg = Release|Any CPU
		{B7F2B96D-FD45-409B-95B0-94417EC0831F}.Release|Any CPU.Build.0 = Release|Any CPU
		{D273EEB1-1580-4025-B132-E11A6637ACE5}.Debug|Any CPU.ActiveCfg = Debug|Any CPU
		{D273EEB1-1580-4025-B132-E11A6637ACE5}.Debug|Any CPU.Build.0 = Debug|Any CPU
		{D273EEB1-1580-4025-B132-E11A6637ACE5}.Release|Any CPU.ActiveCfg = Release|Any CPU
		{D273EEB1-1580-4025-B132-E11A6637ACE5}.Release|Any CPU.Build.0 = Release|Any CPU
		{C6979C33-8928-4303-93F3-F76BD4BEAE29}.Debug|Any CPU.ActiveCfg = Debug|Any CPU
		{C6979C33-8928-4303-93F3-F76BD4BEAE29}.Debug|Any CPU.Build.0 = Debug|Any CPU
		{C6979C33-8928-4303-93F3-F76BD4BEAE29}.Release|Any CPU.ActiveCfg = Release|Any CPU
		{C6979C33-8928-4303-93F3-F76BD4BEAE29}.Release|Any CPU.Build.0 = Release|Any CPU
		{3E01A28B-1028-467E-8F10-18A8B7F717A6}.Debug|Any CPU.ActiveCfg = Debug|Any CPU
		{3E01A28B-1028-467E-8F10-18A8B7F717A6}.Debug|Any CPU.Build.0 = Debug|Any CPU
		{3E01A28B-1028-467E-8F10-18A8B7F717A6}.Release|Any CPU.ActiveCfg = Release|Any CPU
		{3E01A28B-1028-467E-8F10-18A8B7F717A6}.Release|Any CPU.Build.0 = Release|Any CPU
		{3BD17576-CC36-4216-B764-EA08EF9A201F}.Debug|Any CPU.ActiveCfg = Debug|Any CPU
		{3BD17576-CC36-4216-B764-EA08EF9A201F}.Debug|Any CPU.Build.0 = Debug|Any CPU
		{3BD17576-CC36-4216-B764-EA08EF9A201F}.Release|Any CPU.ActiveCfg = Release|Any CPU
		{3BD17576-CC36-4216-B764-EA08EF9A201F}.Release|Any CPU.Build.0 = Release|Any CPU
	EndGlobalSection
	GlobalSection(SolutionProperties) = preSolution
		HideSolutionNode = FALSE
	EndGlobalSection
	GlobalSection(ExtensibilityGlobals) = postSolution
		SolutionGuid = {CBFB750D-D0A4-46B8-B936-BC83016A1F48}
	EndGlobalSection
EndGlobal
